
Microsoft Visual Studio Solution File, Format Version 12.00
# Visual Studio 15
VisualStudioVersion = 15.0.28307.329
MinimumVisualStudioVersion = 10.0.40219.1
Project("{FAE04EC0-301F-11D3-BF4B-00C04F79EFBC}") = "SimpleBatchTimers", "SimpleBatchTimers\SimpleBatchTimers.csproj", "{9DFDAC24-B332-4F82-AC84-14CF91E246AF}"
EndProject
Project("{FAE04EC0-301F-11D3-BF4B-00C04F79EFBC}") = "SimpleBatchTimers.UnitTest", "SimpleBatchTimers.UnitTest\SimpleBatchTimers.UnitTest.csproj", "{22F03E16-6139-45D2-AB93-F43724C773C1}"
EndProject
Global
	GlobalSection(SolutionConfigurationPlatforms) = preSolution
		Debug|Any CPU = Debug|Any CPU
		Release|Any CPU = Release|Any CPU
	EndGlobalSection
	GlobalSection(ProjectConfigurationPlatforms) = postSolution
		{9DFDAC24-B332-4F82-AC84-14CF91E246AF}.Debug|Any CPU.ActiveCfg = Debug|Any CPU
		{9DFDAC24-B332-4F82-AC84-14CF91E246AF}.Debug|Any CPU.Build.0 = Debug|Any CPU
		{9DFDAC24-B332-4F82-AC84-14CF91E246AF}.Release|Any CPU.ActiveCfg = Release|Any CPU
		{9DFDAC24-B332-4F82-AC84-14CF91E246AF}.Release|Any CPU.Build.0 = Release|Any CPU
		{22F03E16-6139-45D2-AB93-F43724C773C1}.Debug|Any CPU.ActiveCfg = Debug|Any CPU
		{22F03E16-6139-45D2-AB93-F43724C773C1}.Debug|Any CPU.Build.0 = Debug|Any CPU
		{22F03E16-6139-45D2-AB93-F43724C773C1}.Release|Any CPU.ActiveCfg = Release|Any CPU
		{22F03E16-6139-45D2-AB93-F43724C773C1}.Release|Any CPU.Build.0 = Release|Any CPU
	EndGlobalSection
	GlobalSection(SolutionProperties) = preSolution
		HideSolutionNode = FALSE
	EndGlobalSection
	GlobalSection(ExtensibilityGlobals) = postSolution
		SolutionGuid = {AD4C894D-2961-4C61-8916-C4CF2F0646DB}
	EndGlobalSection
EndGlobal
